
Microsoft Visual Studio Solution File, Format Version 12.00
# Visual Studio Version 17
VisualStudioVersion = 17.11.35327.3
MinimumVisualStudioVersion = 10.0.40219.1
Project("{2150E333-8FDC-42A3-9474-1A3956D46DE8}") = "Elementos de la solución", "Elementos de la solución", "{24B6758D-298A-4815-A7B4-00063B8AFF5C}"
	ProjectSection(SolutionItems) = preProject
		Readme.md = Readme.md
	EndProjectSection
EndProject
Project("{FAE04EC0-301F-11D3-BF4B-00C04F79EFBC}") = "Utilidades", "Utilidades\Utilidades.csproj", "{A9ACE3F0-B93E-4BF9-A269-B00C7DF104A7}"
EndProject
Project("{FAE04EC0-301F-11D3-BF4B-00C04F79EFBC}") = "Utilidades.xUnit.Tests", "Utilidades.xUnit.Tests\Utilidades.xUnit.Tests.csproj", "{A1219558-98BB-4405-A433-7F6A00904FF7}"
EndProject
Project("{FAE04EC0-301F-11D3-BF4B-00C04F79EFBC}") = "DemoMVC", "DemoMVC\DemoMVC.csproj", "{77F32E23-3AB5-4332-A35A-01F53A12DD07}"
EndProject
Project("{FAE04EC0-301F-11D3-BF4B-00C04F79EFBC}") = "DemoMVC.Tests", "DemoMVC.Tests\DemoMVC.Tests.csproj", "{9367344E-EF10-442F-8ECD-F0607DADFFFE}"
EndProject
Global
	GlobalSection(SolutionConfigurationPlatforms) = preSolution
		Debug|Any CPU = Debug|Any CPU
		Release|Any CPU = Release|Any CPU
	EndGlobalSection
	GlobalSection(ProjectConfigurationPlatforms) = postSolution
		{A9ACE3F0-B93E-4BF9-A269-B00C7DF104A7}.Debug|Any CPU.ActiveCfg = Debug|Any CPU
		{A9ACE3F0-B93E-4BF9-A269-B00C7DF104A7}.Debug|Any CPU.Build.0 = Debug|Any CPU
		{A9ACE3F0-B93E-4BF9-A269-B00C7DF104A7}.Release|Any CPU.ActiveCfg = Release|Any CPU
		{A9ACE3F0-B93E-4BF9-A269-B00C7DF104A7}.Release|Any CPU.Build.0 = Release|Any CPU
		{A1219558-98BB-4405-A433-7F6A00904FF7}.Debug|Any CPU.ActiveCfg = Debug|Any CPU
		{A1219558-98BB-4405-A433-7F6A00904FF7}.Debug|Any CPU.Build.0 = Debug|Any CPU
		{A1219558-98BB-4405-A433-7F6A00904FF7}.Release|Any CPU.ActiveCfg = Release|Any CPU
		{A1219558-98BB-4405-A433-7F6A00904FF7}.Release|Any CPU.Build.0 = Release|Any CPU
		{77F32E23-3AB5-4332-A35A-01F53A12DD07}.Debug|Any CPU.ActiveCfg = Debug|Any CPU
		{77F32E23-3AB5-4332-A35A-01F53A12DD07}.Debug|Any CPU.Build.0 = Debug|Any CPU
		{77F32E23-3AB5-4332-A35A-01F53A12DD07}.Release|Any CPU.ActiveCfg = Release|Any CPU
		{77F32E23-3AB5-4332-A35A-01F53A12DD07}.Release|Any CPU.Build.0 = Release|Any CPU
		{9367344E-EF10-442F-8ECD-F0607DADFFFE}.Debug|Any CPU.ActiveCfg = Debug|Any CPU
		{9367344E-EF10-442F-8ECD-F0607DADFFFE}.Debug|Any CPU.Build.0 = Debug|Any CPU
		{9367344E-EF10-442F-8ECD-F0607DADFFFE}.Release|Any CPU.ActiveCfg = Release|Any CPU
		{9367344E-EF10-442F-8ECD-F0607DADFFFE}.Release|Any CPU.Build.0 = Release|Any CPU
	EndGlobalSection
	GlobalSection(SolutionProperties) = preSolution
		HideSolutionNode = FALSE
	EndGlobalSection
	GlobalSection(ExtensibilityGlobals) = postSolution
		SolutionGuid = {8E791DF9-719B-4477-9A31-99F93A7EFB4C}
	EndGlobalSection
EndGlobal
